// !$*UTF8*$!
{
	archiveVersion = 1;
	classes = {
	};
	objectVersion = 77;
	objects = {

/* Begin PBXBuildFile section */
		664974842E7D923A000C4186 /* RegisterViewModel.swift in Sources */ = {isa = PBXBuildFile; fileRef = 664974832E7D923A000C4186 /* RegisterViewModel.swift */; };
		664974872E7D95EC000C4186 /* FirebaseAuth in Frameworks */ = {isa = PBXBuildFile; productRef = 664974862E7D95EC000C4186 /* FirebaseAuth */; };
		664974892E7D95EC000C4186 /* FirebaseFirestore in Frameworks */ = {isa = PBXBuildFile; productRef = 664974882E7D95EC000C4186 /* FirebaseFirestore */; };
		6649748B2E7D95EC000C4186 /* FirebaseStorage in Frameworks */ = {isa = PBXBuildFile; productRef = 6649748A2E7D95EC000C4186 /* FirebaseStorage */; };
		6649748D2E7D9791000C4186 /* GoogleService-Info.plist in Resources */ = {isa = PBXBuildFile; fileRef = 6649748C2E7D9791000C4186 /* GoogleService-Info.plist */; };
		664974902E7D98D2000C4186 /* Authentication.swift in Sources */ = {isa = PBXBuildFile; fileRef = 6649748F2E7D98D2000C4186 /* Authentication.swift */; };
		664974932E7D990A000C4186 /* User.swift in Sources */ = {isa = PBXBuildFile; fileRef = 664974922E7D990A000C4186 /* User.swift */; };
		66BC6C722E6DC27D0019DE47 /* Assets.xcassets in Resources */ = {isa = PBXBuildFile; fileRef = 66BC6C6E2E6DC27D0019DE47 /* Assets.xcassets */; };
		66BC6C732E6DC27D0019DE47 /* HomeView.swift in Sources */ = {isa = PBXBuildFile; fileRef = 66BC6C6F2E6DC27D0019DE47 /* HomeView.swift */; };
		66BC6C742E6DC27D0019DE47 /* TripPlannerApp.swift in Sources */ = {isa = PBXBuildFile; fileRef = 66BC6C702E6DC27D0019DE47 /* TripPlannerApp.swift */; };
		66BC6C7B2E6DC3100019DE47 /* CoreData.swift in Sources */ = {isa = PBXBuildFile; fileRef = 66BC6C7A2E6DC3100019DE47 /* CoreData.swift */; };
		66BC6C7E2E6DC35D0019DE47 /* QuickActionCard.swift in Sources */ = {isa = PBXBuildFile; fileRef = 66BC6C7D2E6DC35D0019DE47 /* QuickActionCard.swift */; };
		66BC6C802E6DC3D60019DE47 /* LoginView.swift in Sources */ = {isa = PBXBuildFile; fileRef = 66BC6C7F2E6DC3D60019DE47 /* LoginView.swift */; };
		66BC6C822E6DC3EE0019DE47 /* RegisterVIew.swift in Sources */ = {isa = PBXBuildFile; fileRef = 66BC6C812E6DC3EE0019DE47 /* RegisterVIew.swift */; };
		66BC6C8D2E6DC6710019DE47 /* Images.xcassets in Resources */ = {isa = PBXBuildFile; fileRef = 66BC6C8C2E6DC6710019DE47 /* Images.xcassets */; };
		66BC6C902E6DCD4C0019DE47 /* Model.xcdatamodeld in Sources */ = {isa = PBXBuildFile; fileRef = 66BC6C8E2E6DCD4C0019DE47 /* Model.xcdatamodeld */; };
		66BC6C932E6DCDDD0019DE47 /* UserEntity+CoreDataClass.swift in Sources */ = {isa = PBXBuildFile; fileRef = 66BC6C912E6DCDDD0019DE47 /* UserEntity+CoreDataClass.swift */; };
		66BC6C942E6DCDDD0019DE47 /* UserEntity+CoreDataProperties.swift in Sources */ = {isa = PBXBuildFile; fileRef = 66BC6C922E6DCDDD0019DE47 /* UserEntity+CoreDataProperties.swift */; };
		66BC6C952E6DCDDD0019DE47 /* UserEntity+CoreDataClass.swift in Sources */ = {isa = PBXBuildFile; fileRef = 66BC6C912E6DCDDD0019DE47 /* UserEntity+CoreDataClass.swift */; };
		66BC6C962E6DCDDD0019DE47 /* UserEntity+CoreDataProperties.swift in Sources */ = {isa = PBXBuildFile; fileRef = 66BC6C922E6DCDDD0019DE47 /* UserEntity+CoreDataProperties.swift */; };
/* End PBXBuildFile section */

/* Begin PBXContainerItemProxy section */
		66BC6C522E6DC00A0019DE47 /* PBXContainerItemProxy */ = {
			isa = PBXContainerItemProxy;
			containerPortal = 66BC6C3C2E6DC0070019DE47 /* Project object */;
			proxyType = 1;
			remoteGlobalIDString = 66BC6C432E6DC0070019DE47;
			remoteInfo = TripPlanner;
		};
		66BC6C5C2E6DC00A0019DE47 /* PBXContainerItemProxy */ = {
			isa = PBXContainerItemProxy;
			containerPortal = 66BC6C3C2E6DC0070019DE47 /* Project object */;
			proxyType = 1;
			remoteGlobalIDString = 66BC6C432E6DC0070019DE47;
			remoteInfo = TripPlanner;
		};
/* End PBXContainerItemProxy section */

/* Begin PBXFileReference section */
		664974832E7D923A000C4186 /* RegisterViewModel.swift */ = {isa = PBXFileReference; lastKnownFileType = sourcecode.swift; path = RegisterViewModel.swift; sourceTree = "<group>"; };
		6649748C2E7D9791000C4186 /* GoogleService-Info.plist */ = {isa = PBXFileReference; lastKnownFileType = text.plist.xml; path = "GoogleService-Info.plist"; sourceTree = "<group>"; };
		6649748F2E7D98D2000C4186 /* Authentication.swift */ = {isa = PBXFileReference; lastKnownFileType = sourcecode.swift; path = Authentication.swift; sourceTree = "<group>"; };
		664974922E7D990A000C4186 /* User.swift */ = {isa = PBXFileReference; lastKnownFileType = sourcecode.swift; path = User.swift; sourceTree = "<group>"; };
		66BC6C442E6DC0070019DE47 /* TripPlanner.app */ = {isa = PBXFileReference; explicitFileType = wrapper.application; includeInIndex = 0; path = TripPlanner.app; sourceTree = BUILT_PRODUCTS_DIR; };
		66BC6C512E6DC00A0019DE47 /* TripPlannerTests.xctest */ = {isa = PBXFileReference; explicitFileType = wrapper.cfbundle; includeInIndex = 0; path = TripPlannerTests.xctest; sourceTree = BUILT_PRODUCTS_DIR; };
		66BC6C5B2E6DC00A0019DE47 /* TripPlannerUITests.xctest */ = {isa = PBXFileReference; explicitFileType = wrapper.cfbundle; includeInIndex = 0; path = TripPlannerUITests.xctest; sourceTree = BUILT_PRODUCTS_DIR; };
		66BC6C6E2E6DC27D0019DE47 /* Assets.xcassets */ = {isa = PBXFileReference; lastKnownFileType = folder.assetcatalog; path = Assets.xcassets; sourceTree = "<group>"; };
		66BC6C6F2E6DC27D0019DE47 /* HomeView.swift */ = {isa = PBXFileReference; lastKnownFileType = sourcecode.swift; path = HomeView.swift; sourceTree = "<group>"; };
		66BC6C702E6DC27D0019DE47 /* TripPlannerApp.swift */ = {isa = PBXFileReference; lastKnownFileType = sourcecode.swift; path = TripPlannerApp.swift; sourceTree = "<group>"; };
		66BC6C7A2E6DC3100019DE47 /* CoreData.swift */ = {isa = PBXFileReference; lastKnownFileType = sourcecode.swift; path = CoreData.swift; sourceTree = "<group>"; };
		66BC6C7D2E6DC35D0019DE47 /* QuickActionCard.swift */ = {isa = PBXFileReference; lastKnownFileType = sourcecode.swift; path = QuickActionCard.swift; sourceTree = "<group>"; };
		66BC6C7F2E6DC3D60019DE47 /* LoginView.swift */ = {isa = PBXFileReference; lastKnownFileType = sourcecode.swift; path = LoginView.swift; sourceTree = "<group>"; };
		66BC6C812E6DC3EE0019DE47 /* RegisterVIew.swift */ = {isa = PBXFileReference; lastKnownFileType = sourcecode.swift; path = RegisterVIew.swift; sourceTree = "<group>"; };
		66BC6C8C2E6DC6710019DE47 /* Images.xcassets */ = {isa = PBXFileReference; lastKnownFileType = folder.assetcatalog; path = Images.xcassets; sourceTree = "<group>"; };
		66BC6C8F2E6DCD4C0019DE47 /* Model.xcdatamodel */ = {isa = PBXFileReference; lastKnownFileType = wrapper.xcdatamodel; path = Model.xcdatamodel; sourceTree = "<group>"; };
		66BC6C912E6DCDDD0019DE47 /* UserEntity+CoreDataClass.swift */ = {isa = PBXFileReference; lastKnownFileType = sourcecode.swift; path = "UserEntity+CoreDataClass.swift"; sourceTree = "<group>"; };
		66BC6C922E6DCDDD0019DE47 /* UserEntity+CoreDataProperties.swift */ = {isa = PBXFileReference; lastKnownFileType = sourcecode.swift; path = "UserEntity+CoreDataProperties.swift"; sourceTree = "<group>"; };
/* End PBXFileReference section */

/* Begin PBXFileSystemSynchronizedRootGroup section */
		66BC6C542E6DC00A0019DE47 /* TripPlannerTests */ = {
			isa = PBXFileSystemSynchronizedRootGroup;
			path = TripPlannerTests;
			sourceTree = "<group>";
		};
		66BC6C5E2E6DC00A0019DE47 /* TripPlannerUITests */ = {
			isa = PBXFileSystemSynchronizedRootGroup;
			path = TripPlannerUITests;
			sourceTree = "<group>";
		};
/* End PBXFileSystemSynchronizedRootGroup section */

/* Begin PBXFrameworksBuildPhase section */
		66BC6C412E6DC0070019DE47 /* Frameworks */ = {
			isa = PBXFrameworksBuildPhase;
			buildActionMask = 2147483647;
			files = (
				664974872E7D95EC000C4186 /* FirebaseAuth in Frameworks */,
				664974892E7D95EC000C4186 /* FirebaseFirestore in Frameworks */,
				6649748B2E7D95EC000C4186 /* FirebaseStorage in Frameworks */,
			);
			runOnlyForDeploymentPostprocessing = 0;
		};
		66BC6C4E2E6DC00A0019DE47 /* Frameworks */ = {
			isa = PBXFrameworksBuildPhase;
			buildActionMask = 2147483647;
			files = (
			);
			runOnlyForDeploymentPostprocessing = 0;
		};
		66BC6C582E6DC00A0019DE47 /* Frameworks */ = {
			isa = PBXFrameworksBuildPhase;
			buildActionMask = 2147483647;
			files = (
			);
			runOnlyForDeploymentPostprocessing = 0;
		};
/* End PBXFrameworksBuildPhase section */

/* Begin PBXGroup section */
		664974822E7D9222000C4186 /* ViewModel */ = {
			isa = PBXGroup;
			children = (
				664974832E7D923A000C4186 /* RegisterViewModel.swift */,
			);
			path = ViewModel;
			sourceTree = "<group>";
		};
		6649748E2E7D97A0000C4186 /* Authentication */ = {
			isa = PBXGroup;
			children = (
				6649748C2E7D9791000C4186 /* GoogleService-Info.plist */,
				6649748F2E7D98D2000C4186 /* Authentication.swift */,
			);
			path = Authentication;
			sourceTree = "<group>";
		};
		664974912E7D98FD000C4186 /* Model */ = {
			isa = PBXGroup;
			children = (
				664974922E7D990A000C4186 /* User.swift */,
			);
			path = Model;
			sourceTree = "<group>";
		};
		66BC6C3B2E6DC0070019DE47 = {
			isa = PBXGroup;
			children = (
				66BC6C712E6DC27D0019DE47 /* TripPlanner */,
				66BC6C542E6DC00A0019DE47 /* TripPlannerTests */,
				66BC6C5E2E6DC00A0019DE47 /* TripPlannerUITests */,
				66BC6C452E6DC0070019DE47 /* Products */,
			);
			sourceTree = "<group>";
		};
		66BC6C452E6DC0070019DE47 /* Products */ = {
			isa = PBXGroup;
			children = (
				66BC6C442E6DC0070019DE47 /* TripPlanner.app */,
				66BC6C512E6DC00A0019DE47 /* TripPlannerTests.xctest */,
				66BC6C5B2E6DC00A0019DE47 /* TripPlannerUITests.xctest */,
			);
			name = Products;
			sourceTree = "<group>";
		};
		66BC6C712E6DC27D0019DE47 /* TripPlanner */ = {
			isa = PBXGroup;
			children = (
				66BC6C702E6DC27D0019DE47 /* TripPlannerApp.swift */,
				664974912E7D98FD000C4186 /* Model */,
				6649748E2E7D97A0000C4186 /* Authentication */,
				66BC6C7C2E6DC33E0019DE47 /* Componants */,
				66BC6C752E6DC2810019DE47 /* CoreData */,
				664974822E7D9222000C4186 /* ViewModel */,
				66BC6C782E6DC2A60019DE47 /* View */,
				66BC6C792E6DC2B90019DE47 /* Resources */,
			);
			path = TripPlanner;
			sourceTree = "<group>";
		};
		66BC6C752E6DC2810019DE47 /* CoreData */ = {
			isa = PBXGroup;
			children = (
				66BC6C7A2E6DC3100019DE47 /* CoreData.swift */,
				66BC6C8E2E6DCD4C0019DE47 /* Model.xcdatamodeld */,
				66BC6C912E6DCDDD0019DE47 /* UserEntity+CoreDataClass.swift */,
				66BC6C922E6DCDDD0019DE47 /* UserEntity+CoreDataProperties.swift */,
			);
			path = CoreData;
			sourceTree = "<group>";
		};
		66BC6C782E6DC2A60019DE47 /* View */ = {
			isa = PBXGroup;
			children = (
				66BC6C812E6DC3EE0019DE47 /* RegisterVIew.swift */,
				66BC6C7F2E6DC3D60019DE47 /* LoginView.swift */,
				66BC6C6F2E6DC27D0019DE47 /* HomeView.swift */,
			);
			path = View;
			sourceTree = "<group>";
		};
		66BC6C792E6DC2B90019DE47 /* Resources */ = {
			isa = PBXGroup;
			children = (
				66BC6C6E2E6DC27D0019DE47 /* Assets.xcassets */,
				66BC6C8C2E6DC6710019DE47 /* Images.xcassets */,
			);
			path = Resources;
			sourceTree = "<group>";
		};
		66BC6C7C2E6DC33E0019DE47 /* Componants */ = {
			isa = PBXGroup;
			children = (
				66BC6C7D2E6DC35D0019DE47 /* QuickActionCard.swift */,
			);
			path = Componants;
			sourceTree = "<group>";
		};
/* End PBXGroup section */

/* Begin PBXNativeTarget section */
		66BC6C432E6DC0070019DE47 /* TripPlanner */ = {
			isa = PBXNativeTarget;
			buildConfigurationList = 66BC6C652E6DC00A0019DE47 /* Build configuration list for PBXNativeTarget "TripPlanner" */;
			buildPhases = (
				66BC6C402E6DC0070019DE47 /* Sources */,
				66BC6C412E6DC0070019DE47 /* Frameworks */,
				66BC6C422E6DC0070019DE47 /* Resources */,
			);
			buildRules = (
			);
			dependencies = (
			);
			name = TripPlanner;
			packageProductDependencies = (
				664974862E7D95EC000C4186 /* FirebaseAuth */,
				664974882E7D95EC000C4186 /* FirebaseFirestore */,
				6649748A2E7D95EC000C4186 /* FirebaseStorage */,
			);
			productName = TripPlanner;
			productReference = 66BC6C442E6DC0070019DE47 /* TripPlanner.app */;
			productType = "com.apple.product-type.application";
		};
		66BC6C502E6DC00A0019DE47 /* TripPlannerTests */ = {
			isa = PBXNativeTarget;
			buildConfigurationList = 66BC6C682E6DC00A0019DE47 /* Build configuration list for PBXNativeTarget "TripPlannerTests" */;
			buildPhases = (
				66BC6C4D2E6DC00A0019DE47 /* Sources */,
				66BC6C4E2E6DC00A0019DE47 /* Frameworks */,
				66BC6C4F2E6DC00A0019DE47 /* Resources */,
			);
			buildRules = (
			);
			dependencies = (
				66BC6C532E6DC00A0019DE47 /* PBXTargetDependency */,
			);
			fileSystemSynchronizedGroups = (
				66BC6C542E6DC00A0019DE47 /* TripPlannerTests */,
			);
			name = TripPlannerTests;
			packageProductDependencies = (
			);
			productName = TripPlannerTests;
			productReference = 66BC6C512E6DC00A0019DE47 /* TripPlannerTests.xctest */;
			productType = "com.apple.product-type.bundle.unit-test";
		};
		66BC6C5A2E6DC00A0019DE47 /* TripPlannerUITests */ = {
			isa = PBXNativeTarget;
			buildConfigurationList = 66BC6C6B2E6DC00A0019DE47 /* Build configuration list for PBXNativeTarget "TripPlannerUITests" */;
			buildPhases = (
				66BC6C572E6DC00A0019DE47 /* Sources */,
				66BC6C582E6DC00A0019DE47 /* Frameworks */,
				66BC6C592E6DC00A0019DE47 /* Resources */,
			);
			buildRules = (
			);
			dependencies = (
				66BC6C5D2E6DC00A0019DE47 /* PBXTargetDependency */,
			);
			fileSystemSynchronizedGroups = (
				66BC6C5E2E6DC00A0019DE47 /* TripPlannerUITests */,
			);
			name = TripPlannerUITests;
			packageProductDependencies = (
			);
			productName = TripPlannerUITests;
			productReference = 66BC6C5B2E6DC00A0019DE47 /* TripPlannerUITests.xctest */;
			productType = "com.apple.product-type.bundle.ui-testing";
		};
/* End PBXNativeTarget section */

/* Begin PBXProject section */
		66BC6C3C2E6DC0070019DE47 /* Project object */ = {
			isa = PBXProject;
			attributes = {
				BuildIndependentTargetsInParallel = 1;
				LastSwiftUpdateCheck = 1640;
				LastUpgradeCheck = 1640;
				TargetAttributes = {
					66BC6C432E6DC0070019DE47 = {
						CreatedOnToolsVersion = 16.4;
					};
					66BC6C502E6DC00A0019DE47 = {
						CreatedOnToolsVersion = 16.4;
						TestTargetID = 66BC6C432E6DC0070019DE47;
					};
					66BC6C5A2E6DC00A0019DE47 = {
						CreatedOnToolsVersion = 16.4;
						TestTargetID = 66BC6C432E6DC0070019DE47;
					};
				};
			};
			buildConfigurationList = 66BC6C3F2E6DC0070019DE47 /* Build configuration list for PBXProject "TripPlanner" */;
			developmentRegion = en;
			hasScannedForEncodings = 0;
			knownRegions = (
				en,
				Base,
			);
			mainGroup = 66BC6C3B2E6DC0070019DE47;
			minimizedProjectReferenceProxies = 1;
			packageReferences = (
				664974852E7D95EC000C4186 /* XCRemoteSwiftPackageReference "firebase-ios-sdk" */,
			);
			preferredProjectObjectVersion = 77;
			productRefGroup = 66BC6C452E6DC0070019DE47 /* Products */;
			projectDirPath = "";
			projectRoot = "";
			targets = (
				66BC6C432E6DC0070019DE47 /* TripPlanner */,
				66BC6C502E6DC00A0019DE47 /* TripPlannerTests */,
				66BC6C5A2E6DC00A0019DE47 /* TripPlannerUITests */,
			);
		};
/* End PBXProject section */

/* Begin PBXResourcesBuildPhase section */
		66BC6C422E6DC0070019DE47 /* Resources */ = {
			isa = PBXResourcesBuildPhase;
			buildActionMask = 2147483647;
			files = (
				66BC6C722E6DC27D0019DE47 /* Assets.xcassets in Resources */,
				66BC6C8D2E6DC6710019DE47 /* Images.xcassets in Resources */,
				6649748D2E7D9791000C4186 /* GoogleService-Info.plist in Resources */,
			);
			runOnlyForDeploymentPostprocessing = 0;
		};
		66BC6C4F2E6DC00A0019DE47 /* Resources */ = {
			isa = PBXResourcesBuildPhase;
			buildActionMask = 2147483647;
			files = (
			);
			runOnlyForDeploymentPostprocessing = 0;
		};
		66BC6C592E6DC00A0019DE47 /* Resources */ = {
			isa = PBXResourcesBuildPhase;
			buildActionMask = 2147483647;
			files = (
			);
			runOnlyForDeploymentPostprocessing = 0;
		};
/* End PBXResourcesBuildPhase section */

/* Begin PBXSourcesBuildPhase section */
		66BC6C402E6DC0070019DE47 /* Sources */ = {
			isa = PBXSourcesBuildPhase;
			buildActionMask = 2147483647;
			files = (
				66BC6C732E6DC27D0019DE47 /* HomeView.swift in Sources */,
				664974842E7D923A000C4186 /* RegisterViewModel.swift in Sources */,
				66BC6C822E6DC3EE0019DE47 /* RegisterVIew.swift in Sources */,
				66BC6C7E2E6DC35D0019DE47 /* QuickActionCard.swift in Sources */,
				66BC6C902E6DCD4C0019DE47 /* Model.xcdatamodeld in Sources */,
				66BC6C7B2E6DC3100019DE47 /* CoreData.swift in Sources */,
				66BC6C802E6DC3D60019DE47 /* LoginView.swift in Sources */,
				66BC6C952E6DCDDD0019DE47 /* UserEntity+CoreDataClass.swift in Sources */,
				664974932E7D990A000C4186 /* User.swift in Sources */,
				66BC6C962E6DCDDD0019DE47 /* UserEntity+CoreDataProperties.swift in Sources */,
				66BC6C742E6DC27D0019DE47 /* TripPlannerApp.swift in Sources */,
				664974902E7D98D2000C4186 /* Authentication.swift in Sources */,
			);
			runOnlyForDeploymentPostprocessing = 0;
		};
		66BC6C4D2E6DC00A0019DE47 /* Sources */ = {
			isa = PBXSourcesBuildPhase;
			buildActionMask = 2147483647;
			files = (
				66BC6C932E6DCDDD0019DE47 /* UserEntity+CoreDataClass.swift in Sources */,
				66BC6C942E6DCDDD0019DE47 /* UserEntity+CoreDataProperties.swift in Sources */,
			);
			runOnlyForDeploymentPostprocessing = 0;
		};
		66BC6C572E6DC00A0019DE47 /* Sources */ = {
			isa = PBXSourcesBuildPhase;
			buildActionMask = 2147483647;
			files = (
			);
			runOnlyForDeploymentPostprocessing = 0;
		};
/* End PBXSourcesBuildPhase section */

/* Begin PBXTargetDependency section */
		66BC6C532E6DC00A0019DE47 /* PBXTargetDependency */ = {
			isa = PBXTargetDependency;
			target = 66BC6C432E6DC0070019DE47 /* TripPlanner */;
			targetProxy = 66BC6C522E6DC00A0019DE47 /* PBXContainerItemProxy */;
		};
		66BC6C5D2E6DC00A0019DE47 /* PBXTargetDependency */ = {
			isa = PBXTargetDependency;
			target = 66BC6C432E6DC0070019DE47 /* TripPlanner */;
			targetProxy = 66BC6C5C2E6DC00A0019DE47 /* PBXContainerItemProxy */;
		};
/* End PBXTargetDependency section */

/* Begin XCBuildConfiguration section */
		66BC6C632E6DC00A0019DE47 /* Debug */ = {
			isa = XCBuildConfiguration;
			buildSettings = {
				ALWAYS_SEARCH_USER_PATHS = NO;
				ASSETCATALOG_COMPILER_GENERATE_SWIFT_ASSET_SYMBOL_EXTENSIONS = YES;
				CLANG_ANALYZER_NONNULL = YES;
				CLANG_ANALYZER_NUMBER_OBJECT_CONVERSION = YES_AGGRESSIVE;
				CLANG_CXX_LANGUAGE_STANDARD = "gnu++20";
				CLANG_ENABLE_MODULES = YES;
				CLANG_ENABLE_OBJC_ARC = YES;
				CLANG_ENABLE_OBJC_WEAK = YES;
				CLANG_WARN_BLOCK_CAPTURE_AUTORELEASING = YES;
				CLANG_WARN_BOOL_CONVERSION = YES;
				CLANG_WARN_COMMA = YES;
				CLANG_WARN_CONSTANT_CONVERSION = YES;
				CLANG_WARN_DEPRECATED_OBJC_IMPLEMENTATIONS = YES;
				CLANG_WARN_DIRECT_OBJC_ISA_USAGE = YES_ERROR;
				CLANG_WARN_DOCUMENTATION_COMMENTS = YES;
				CLANG_WARN_EMPTY_BODY = YES;
				CLANG_WARN_ENUM_CONVERSION = YES;
				CLANG_WARN_INFINITE_RECURSION = YES;
				CLANG_WARN_INT_CONVERSION = YES;
				CLANG_WARN_NON_LITERAL_NULL_CONVERSION = YES;
				CLANG_WARN_OBJC_IMPLICIT_RETAIN_SELF = YES;
				CLANG_WARN_OBJC_LITERAL_CONVERSION = YES;
				CLANG_WARN_OBJC_ROOT_CLASS = YES_ERROR;
				CLANG_WARN_QUOTED_INCLUDE_IN_FRAMEWORK_HEADER = YES;
				CLANG_WARN_RANGE_LOOP_ANALYSIS = YES;
				CLANG_WARN_STRICT_PROTOTYPES = YES;
				CLANG_WARN_SUSPICIOUS_MOVE = YES;
				CLANG_WARN_UNGUARDED_AVAILABILITY = YES_AGGRESSIVE;
				CLANG_WARN_UNREACHABLE_CODE = YES;
				CLANG_WARN__DUPLICATE_METHOD_MATCH = YES;
				COPY_PHASE_STRIP = NO;
				DEBUG_INFORMATION_FORMAT = dwarf;
				DEVELOPMENT_TEAM = ZRZ3S4BU85;
				ENABLE_STRICT_OBJC_MSGSEND = YES;
				ENABLE_TESTABILITY = YES;
				ENABLE_USER_SCRIPT_SANDBOXING = YES;
				GCC_C_LANGUAGE_STANDARD = gnu17;
				GCC_DYNAMIC_NO_PIC = NO;
				GCC_NO_COMMON_BLOCKS = YES;
				GCC_OPTIMIZATION_LEVEL = 0;
				GCC_PREPROCESSOR_DEFINITIONS = (
					"DEBUG=1",
					"$(inherited)",
				);
				GCC_WARN_64_TO_32_BIT_CONVERSION = YES;
				GCC_WARN_ABOUT_RETURN_TYPE = YES_ERROR;
				GCC_WARN_UNDECLARED_SELECTOR = YES;
				GCC_WARN_UNINITIALIZED_AUTOS = YES_AGGRESSIVE;
				GCC_WARN_UNUSED_FUNCTION = YES;
				GCC_WARN_UNUSED_VARIABLE = YES;
				IPHONEOS_DEPLOYMENT_TARGET = 18.5;
				LOCALIZATION_PREFERS_STRING_CATALOGS = YES;
				MTL_ENABLE_DEBUG_INFO = INCLUDE_SOURCE;
				MTL_FAST_MATH = YES;
				ONLY_ACTIVE_ARCH = YES;
				SDKROOT = iphoneos;
				SWIFT_ACTIVE_COMPILATION_CONDITIONS = "DEBUG $(inherited)";
				SWIFT_OPTIMIZATION_LEVEL = "-Onone";
			};
			name = Debug;
		};
		66BC6C642E6DC00A0019DE47 /* Release */ = {
			isa = XCBuildConfiguration;
			buildSettings = {
				ALWAYS_SEARCH_USER_PATHS = NO;
				ASSETCATALOG_COMPILER_GENERATE_SWIFT_ASSET_SYMBOL_EXTENSIONS = YES;
				CLANG_ANALYZER_NONNULL = YES;
				CLANG_ANALYZER_NUMBER_OBJECT_CONVERSION = YES_AGGRESSIVE;
				CLANG_CXX_LANGUAGE_STANDARD = "gnu++20";
				CLANG_ENABLE_MODULES = YES;
				CLANG_ENABLE_OBJC_ARC = YES;
				CLANG_ENABLE_OBJC_WEAK = YES;
				CLANG_WARN_BLOCK_CAPTURE_AUTORELEASING = YES;
				CLANG_WARN_BOOL_CONVERSION = YES;
				CLANG_WARN_COMMA = YES;
				CLANG_WARN_CONSTANT_CONVERSION = YES;
				CLANG_WARN_DEPRECATED_OBJC_IMPLEMENTATIONS = YES;
				CLANG_WARN_DIRECT_OBJC_ISA_USAGE = YES_ERROR;
				CLANG_WARN_DOCUMENTATION_COMMENTS = YES;
				CLANG_WARN_EMPTY_BODY = YES;
				CLANG_WARN_ENUM_CONVERSION = YES;
				CLANG_WARN_INFINITE_RECURSION = YES;
				CLANG_WARN_INT_CONVERSION = YES;
				CLANG_WARN_NON_LITERAL_NULL_CONVERSION = YES;
				CLANG_WARN_OBJC_IMPLICIT_RETAIN_SELF = YES;
				CLANG_WARN_OBJC_LITERAL_CONVERSION = YES;
				CLANG_WARN_OBJC_ROOT_CLASS = YES_ERROR;
				CLANG_WARN_QUOTED_INCLUDE_IN_FRAMEWORK_HEADER = YES;
				CLANG_WARN_RANGE_LOOP_ANALYSIS = YES;
				CLANG_WARN_STRICT_PROTOTYPES = YES;
				CLANG_WARN_SUSPICIOUS_MOVE = YES;
				CLANG_WARN_UNGUARDED_AVAILABILITY = YES_AGGRESSIVE;
				CLANG_WARN_UNREACHABLE_CODE = YES;
				CLANG_WARN__DUPLICATE_METHOD_MATCH = YES;
				COPY_PHASE_STRIP = NO;
				DEBUG_INFORMATION_FORMAT = "dwarf-with-dsym";
				DEVELOPMENT_TEAM = ZRZ3S4BU85;
				ENABLE_NS_ASSERTIONS = NO;
				ENABLE_STRICT_OBJC_MSGSEND = YES;
				ENABLE_USER_SCRIPT_SANDBOXING = YES;
				GCC_C_LANGUAGE_STANDARD = gnu17;
				GCC_NO_COMMON_BLOCKS = YES;
				GCC_WARN_64_TO_32_BIT_CONVERSION = YES;
				GCC_WARN_ABOUT_RETURN_TYPE = YES_ERROR;
				GCC_WARN_UNDECLARED_SELECTOR = YES;
				GCC_WARN_UNINITIALIZED_AUTOS = YES_AGGRESSIVE;
				GCC_WARN_UNUSED_FUNCTION = YES;
				GCC_WARN_UNUSED_VARIABLE = YES;
				IPHONEOS_DEPLOYMENT_TARGET = 18.5;
				LOCALIZATION_PREFERS_STRING_CATALOGS = YES;
				MTL_ENABLE_DEBUG_INFO = NO;
				MTL_FAST_MATH = YES;
				SDKROOT = iphoneos;
				SWIFT_COMPILATION_MODE = wholemodule;
				VALIDATE_PRODUCT = YES;
			};
			name = Release;
		};
		66BC6C662E6DC00A0019DE47 /* Debug */ = {
			isa = XCBuildConfiguration;
			buildSettings = {
				ASSETCATALOG_COMPILER_APPICON_NAME = AppIcon;
				ASSETCATALOG_COMPILER_GLOBAL_ACCENT_COLOR_NAME = AccentColor;
				CODE_SIGN_STYLE = Automatic;
				CURRENT_PROJECT_VERSION = 1;
				DEVELOPMENT_TEAM = ZRZ3S4BU85;
				ENABLE_PREVIEWS = YES;
				GENERATE_INFOPLIST_FILE = YES;
				INFOPLIST_KEY_UIApplicationSceneManifest_Generation = YES;
				INFOPLIST_KEY_UIApplicationSupportsIndirectInputEvents = YES;
				INFOPLIST_KEY_UILaunchScreen_Generation = YES;
				INFOPLIST_KEY_UISupportedInterfaceOrientations_iPad = "UIInterfaceOrientationPortrait UIInterfaceOrientationPortraitUpsideDown UIInterfaceOrientationLandscapeLeft UIInterfaceOrientationLandscapeRight";
				INFOPLIST_KEY_UISupportedInterfaceOrientations_iPhone = "UIInterfaceOrientationPortrait UIInterfaceOrientationLandscapeLeft UIInterfaceOrientationLandscapeRight";
				LD_RUNPATH_SEARCH_PATHS = (
					"$(inherited)",
					"@executable_path/Frameworks",
				);
				MARKETING_VERSION = 1.0;
				PRODUCT_BUNDLE_IDENTIFIER = com.shivappz.TripPlanner;
				PRODUCT_NAME = "$(TARGET_NAME)";
				SWIFT_EMIT_LOC_STRINGS = YES;
				SWIFT_VERSION = 5.0;
				TARGETED_DEVICE_FAMILY = "1,2";
			};
			name = Debug;
		};
		66BC6C672E6DC00A0019DE47 /* Release */ = {
			isa = XCBuildConfiguration;
			buildSettings = {
				ASSETCATALOG_COMPILER_APPICON_NAME = AppIcon;
				ASSETCATALOG_COMPILER_GLOBAL_ACCENT_COLOR_NAME = AccentColor;
				CODE_SIGN_STYLE = Automatic;
				CURRENT_PROJECT_VERSION = 1;
				DEVELOPMENT_TEAM = ZRZ3S4BU85;
				ENABLE_PREVIEWS = YES;
				GENERATE_INFOPLIST_FILE = YES;
				INFOPLIST_KEY_UIApplicationSceneManifest_Generation = YES;
				INFOPLIST_KEY_UIApplicationSupportsIndirectInputEvents = YES;
				INFOPLIST_KEY_UILaunchScreen_Generation = YES;
				INFOPLIST_KEY_UISupportedInterfaceOrientations_iPad = "UIInterfaceOrientationPortrait UIInterfaceOrientationPortraitUpsideDown UIInterfaceOrientationLandscapeLeft UIInterfaceOrientationLandscapeRight";
				INFOPLIST_KEY_UISupportedInterfaceOrientations_iPhone = "UIInterfaceOrientationPortrait UIInterfaceOrientationLandscapeLeft UIInterfaceOrientationLandscapeRight";
				LD_RUNPATH_SEARCH_PATHS = (
					"$(inherited)",
					"@executable_path/Frameworks",
				);
				MARKETING_VERSION = 1.0;
				PRODUCT_BUNDLE_IDENTIFIER = com.shivappz.TripPlanner;
				PRODUCT_NAME = "$(TARGET_NAME)";
				SWIFT_EMIT_LOC_STRINGS = YES;
				SWIFT_VERSION = 5.0;
				TARGETED_DEVICE_FAMILY = "1,2";
			};
			name = Release;
		};
		66BC6C692E6DC00A0019DE47 /* Debug */ = {
			isa = XCBuildConfiguration;
			buildSettings = {
				BUNDLE_LOADER = "$(TEST_HOST)";
				CODE_SIGN_STYLE = Automatic;
				CURRENT_PROJECT_VERSION = 1;
				DEVELOPMENT_TEAM = ZRZ3S4BU85;
				GENERATE_INFOPLIST_FILE = YES;
				IPHONEOS_DEPLOYMENT_TARGET = 18.5;
				MARKETING_VERSION = 1.0;
				PRODUCT_BUNDLE_IDENTIFIER = com.shivappz.TripPlannerTests;
				PRODUCT_NAME = "$(TARGET_NAME)";
				SWIFT_EMIT_LOC_STRINGS = NO;
				SWIFT_VERSION = 5.0;
				TARGETED_DEVICE_FAMILY = "1,2";
				TEST_HOST = "$(BUILT_PRODUCTS_DIR)/TripPlanner.app/$(BUNDLE_EXECUTABLE_FOLDER_PATH)/TripPlanner";
			};
			name = Debug;
		};
		66BC6C6A2E6DC00A0019DE47 /* Release */ = {
			isa = XCBuildConfiguration;
			buildSettings = {
				BUNDLE_LOADER = "$(TEST_HOST)";
				CODE_SIGN_STYLE = Automatic;
				CURRENT_PROJECT_VERSION = 1;
				DEVELOPMENT_TEAM = ZRZ3S4BU85;
				GENERATE_INFOPLIST_FILE = YES;
				IPHONEOS_DEPLOYMENT_TARGET = 18.5;
				MARKETING_VERSION = 1.0;
				PRODUCT_BUNDLE_IDENTIFIER = com.shivappz.TripPlannerTests;
				PRODUCT_NAME = "$(TARGET_NAME)";
				SWIFT_EMIT_LOC_STRINGS = NO;
				SWIFT_VERSION = 5.0;
				TARGETED_DEVICE_FAMILY = "1,2";
				TEST_HOST = "$(BUILT_PRODUCTS_DIR)/TripPlanner.app/$(BUNDLE_EXECUTABLE_FOLDER_PATH)/TripPlanner";
			};
			name = Release;
		};
		66BC6C6C2E6DC00A0019DE47 /* Debug */ = {
			isa = XCBuildConfiguration;
			buildSettings = {
				CODE_SIGN_STYLE = Automatic;
				CURRENT_PROJECT_VERSION = 1;
				DEVELOPMENT_TEAM = ZRZ3S4BU85;
				GENERATE_INFOPLIST_FILE = YES;
				MARKETING_VERSION = 1.0;
				PRODUCT_BUNDLE_IDENTIFIER = com.shivappz.TripPlannerUITests;
				PRODUCT_NAME = "$(TARGET_NAME)";
				SWIFT_EMIT_LOC_STRINGS = NO;
				SWIFT_VERSION = 5.0;
				TARGETED_DEVICE_FAMILY = "1,2";
				TEST_TARGET_NAME = TripPlanner;
			};
			name = Debug;
		};
		66BC6C6D2E6DC00A0019DE47 /* Release */ = {
			isa = XCBuildConfiguration;
			buildSettings = {
				CODE_SIGN_STYLE = Automatic;
				CURRENT_PROJECT_VERSION = 1;
				DEVELOPMENT_TEAM = ZRZ3S4BU85;
				GENERATE_INFOPLIST_FILE = YES;
				MARKETING_VERSION = 1.0;
				PRODUCT_BUNDLE_IDENTIFIER = com.shivappz.TripPlannerUITests;
				PRODUCT_NAME = "$(TARGET_NAME)";
				SWIFT_EMIT_LOC_STRINGS = NO;
				SWIFT_VERSION = 5.0;
				TARGETED_DEVICE_FAMILY = "1,2";
				TEST_TARGET_NAME = TripPlanner;
			};
			name = Release;
		};
/* End XCBuildConfiguration section */

/* Begin XCConfigurationList section */
		66BC6C3F2E6DC0070019DE47 /* Build configuration list for PBXProject "TripPlanner" */ = {
			isa = XCConfigurationList;
			buildConfigurations = (
				66BC6C632E6DC00A0019DE47 /* Debug */,
				66BC6C642E6DC00A0019DE47 /* Release */,
			);
			defaultConfigurationIsVisible = 0;
			defaultConfigurationName = Release;
		};
		66BC6C652E6DC00A0019DE47 /* Build configuration list for PBXNativeTarget "TripPlanner" */ = {
			isa = XCConfigurationList;
			buildConfigurations = (
				66BC6C662E6DC00A0019DE47 /* Debug */,
				66BC6C672E6DC00A0019DE47 /* Release */,
			);
			defaultConfigurationIsVisible = 0;
			defaultConfigurationName = Release;
		};
		66BC6C682E6DC00A0019DE47 /* Build configuration list for PBXNativeTarget "TripPlannerTests" */ = {
			isa = XCConfigurationList;
			buildConfigurations = (
				66BC6C692E6DC00A0019DE47 /* Debug */,
				66BC6C6A2E6DC00A0019DE47 /* Release */,
			);
			defaultConfigurationIsVisible = 0;
			defaultConfigurationName = Release;
		};
		66BC6C6B2E6DC00A0019DE47 /* Build configuration list for PBXNativeTarget "TripPlannerUITests" */ = {
			isa = XCConfigurationList;
			buildConfigurations = (
				66BC6C6C2E6DC00A0019DE47 /* Debug */,
				66BC6C6D2E6DC00A0019DE47 /* Release */,
			);
			defaultConfigurationIsVisible = 0;
			defaultConfigurationName = Release;
		};
/* End XCConfigurationList section */

/* Begin XCRemoteSwiftPackageReference section */
		664974852E7D95EC000C4186 /* XCRemoteSwiftPackageReference "firebase-ios-sdk" */ = {
			isa = XCRemoteSwiftPackageReference;
			repositoryURL = "https://github.com/firebase/firebase-ios-sdk";
			requirement = {
				kind = upToNextMajorVersion;
				minimumVersion = 12.3.0;
			};
		};
/* End XCRemoteSwiftPackageReference section */

/* Begin XCSwiftPackageProductDependency section */
		664974862E7D95EC000C4186 /* FirebaseAuth */ = {
			isa = XCSwiftPackageProductDependency;
			package = 664974852E7D95EC000C4186 /* XCRemoteSwiftPackageReference "firebase-ios-sdk" */;
			productName = FirebaseAuth;
		};
		664974882E7D95EC000C4186 /* FirebaseFirestore */ = {
			isa = XCSwiftPackageProductDependency;
			package = 664974852E7D95EC000C4186 /* XCRemoteSwiftPackageReference "firebase-ios-sdk" */;
			productName = FirebaseFirestore;
		};
		6649748A2E7D95EC000C4186 /* FirebaseStorage */ = {
			isa = XCSwiftPackageProductDependency;
			package = 664974852E7D95EC000C4186 /* XCRemoteSwiftPackageReference "firebase-ios-sdk" */;
			productName = FirebaseStorage;
		};
/* End XCSwiftPackageProductDependency section */

/* Begin XCVersionGroup section */
		66BC6C8E2E6DCD4C0019DE47 /* Model.xcdatamodeld */ = {
			isa = XCVersionGroup;
			children = (
				66BC6C8F2E6DCD4C0019DE47 /* Model.xcdatamodel */,
			);
			currentVersion = 66BC6C8F2E6DCD4C0019DE47 /* Model.xcdatamodel */;
			path = Model.xcdatamodeld;
			sourceTree = "<group>";
			versionGroupType = wrapper.xcdatamodel;
		};
/* End XCVersionGroup section */
	};
	rootObject = 66BC6C3C2E6DC0070019DE47 /* Project object */;
}
